// !$*UTF8*$!
{
	archiveVersion = 1;
	classes = {
	};
	objectVersion = 77;
	objects = {

/* Begin PBXContainerItemProxy section */
		D58990872DCBEA0A00187382 /* PBXContainerItemProxy */ = {
			isa = PBXContainerItemProxy;
			containerPortal = D589906D2DCBEA0800187382 /* Project object */;
			proxyType = 1;
			remoteGlobalIDString = D58990742DCBEA0800187382;
			remoteInfo = charAids;
		};
		D58990912DCBEA0A00187382 /* PBXContainerItemProxy */ = {
			isa = PBXContainerItemProxy;
			containerPortal = D589906D2DCBEA0800187382 /* Project object */;
			proxyType = 1;
			remoteGlobalIDString = D58990742DCBEA0800187382;
			remoteInfo = charAids;
		};
/* End PBXContainerItemProxy section */

/* Begin PBXFileReference section */
		D58990752DCBEA0800187382 /* charAids.app */ = {isa = PBXFileReference; explicitFileType = wrapper.application; includeInIndex = 0; path = charAids.app; sourceTree = BUILT_PRODUCTS_DIR; };
		D58990862DCBEA0A00187382 /* charAidsTests.xctest */ = {isa = PBXFileReference; explicitFileType = wrapper.cfbundle; includeInIndex = 0; path = charAidsTests.xctest; sourceTree = BUILT_PRODUCTS_DIR; };
		D58990902DCBEA0A00187382 /* charAidsUITests.xctest */ = {isa = PBXFileReference; explicitFileType = wrapper.cfbundle; includeInIndex = 0; path = charAidsUITests.xctest; sourceTree = BUILT_PRODUCTS_DIR; };
/* End PBXFileReference section */

/* Begin PBXFileSystemSynchronizedRootGroup section */
		D58990772DCBEA0800187382 /* charAids */ = {
			isa = PBXFileSystemSynchronizedRootGroup;
			path = charAids;
			sourceTree = "<group>";
		};
		D58990892DCBEA0A00187382 /* charAidsTests */ = {
			isa = PBXFileSystemSynchronizedRootGroup;
			path = charAidsTests;
			sourceTree = "<group>";
		};
		D58990932DCBEA0A00187382 /* charAidsUITests */ = {
			isa = PBXFileSystemSynchronizedRootGroup;
			path = charAidsUITests;
			sourceTree = "<group>";
		};
/* End PBXFileSystemSynchronizedRootGroup section */

/* Begin PBXFrameworksBuildPhase section */
		D58990722DCBEA0800187382 /* Frameworks */ = {
			isa = PBXFrameworksBuildPhase;
			buildActionMask = 2147483647;
			files = (
			);
			runOnlyForDeploymentPostprocessing = 0;
		};
		D58990832DCBEA0A00187382 /* Frameworks */ = {
			isa = PBXFrameworksBuildPhase;
			buildActionMask = 2147483647;
			files = (
			);
			runOnlyForDeploymentPostprocessing = 0;
		};
		D589908D2DCBEA0A00187382 /* Frameworks */ = {
			isa = PBXFrameworksBuildPhase;
			buildActionMask = 2147483647;
			files = (
			);
			runOnlyForDeploymentPostprocessing = 0;
		};
/* End PBXFrameworksBuildPhase section */

/* Begin PBXGroup section */
		D589906C2DCBEA0800187382 = {
			isa = PBXGroup;
			children = (
				D58990772DCBEA0800187382 /* charAids */,
				D58990892DCBEA0A00187382 /* charAidsTests */,
				D58990932DCBEA0A00187382 /* charAidsUITests */,
				D58990762DCBEA0800187382 /* Products */,
			);
			sourceTree = "<group>";
		};
		D58990762DCBEA0800187382 /* Products */ = {
			isa = PBXGroup;
			children = (
				D58990752DCBEA0800187382 /* charAids.app */,
				D58990862DCBEA0A00187382 /* charAidsTests.xctest */,
				D58990902DCBEA0A00187382 /* charAidsUITests.xctest */,
			);
			name = Products;
			sourceTree = "<group>";
		};
/* End PBXGroup section */

/* Begin PBXNativeTarget section */
		D58990742DCBEA0800187382 /* charAids */ = {
			isa = PBXNativeTarget;
			buildConfigurationList = D589909A2DCBEA0A00187382 /* Build configuration list for PBXNativeTarget "charAids" */;
			buildPhases = (
				D58990712DCBEA0800187382 /* Sources */,
				D58990722DCBEA0800187382 /* Frameworks */,
				D58990732DCBEA0800187382 /* Resources */,
			);
			buildRules = (
			);
			dependencies = (
			);
			fileSystemSynchronizedGroups = (
				D58990772DCBEA0800187382 /* charAids */,
			);
			name = charAids;
			packageProductDependencies = (
			);
			productName = charAids;
			productReference = D58990752DCBEA0800187382 /* charAids.app */;
			productType = "com.apple.product-type.application";
		};
		D58990852DCBEA0A00187382 /* charAidsTests */ = {
			isa = PBXNativeTarget;
			buildConfigurationList = D589909D2DCBEA0A00187382 /* Build configuration list for PBXNativeTarget "charAidsTests" */;
			buildPhases = (
				D58990822DCBEA0A00187382 /* Sources */,
				D58990832DCBEA0A00187382 /* Frameworks */,
				D58990842DCBEA0A00187382 /* Resources */,
			);
			buildRules = (
			);
			dependencies = (
				D58990882DCBEA0A00187382 /* PBXTargetDependency */,
			);
			fileSystemSynchronizedGroups = (
				D58990892DCBEA0A00187382 /* charAidsTests */,
			);
			name = charAidsTests;
			packageProductDependencies = (
			);
			productName = charAidsTests;
			productReference = D58990862DCBEA0A00187382 /* charAidsTests.xctest */;
			productType = "com.apple.product-type.bundle.unit-test";
		};
		D589908F2DCBEA0A00187382 /* charAidsUITests */ = {
			isa = PBXNativeTarget;
			buildConfigurationList = D58990A02DCBEA0A00187382 /* Build configuration list for PBXNativeTarget "charAidsUITests" */;
			buildPhases = (
				D589908C2DCBEA0A00187382 /* Sources */,
				D589908D2DCBEA0A00187382 /* Frameworks */,
				D589908E2DCBEA0A00187382 /* Resources */,
			);
			buildRules = (
			);
			dependencies = (
				D58990922DCBEA0A00187382 /* PBXTargetDependency */,
			);
			fileSystemSynchronizedGroups = (
				D58990932DCBEA0A00187382 /* charAidsUITests */,
			);
			name = charAidsUITests;
			packageProductDependencies = (
			);
			productName = charAidsUITests;
			productReference = D58990902DCBEA0A00187382 /* charAidsUITests.xctest */;
			productType = "com.apple.product-type.bundle.ui-testing";
		};
/* End PBXNativeTarget section */

/* Begin PBXProject section */
		D589906D2DCBEA0800187382 /* Project object */ = {
			isa = PBXProject;
			attributes = {
				BuildIndependentTargetsInParallel = 1;
				LastSwiftUpdateCheck = 1620;
				LastUpgradeCheck = 1620;
				TargetAttributes = {
					D58990742DCBEA0800187382 = {
						CreatedOnToolsVersion = 16.2;
					};
					D58990852DCBEA0A00187382 = {
						CreatedOnToolsVersion = 16.2;
						TestTargetID = D58990742DCBEA0800187382;
					};
					D589908F2DCBEA0A00187382 = {
						CreatedOnToolsVersion = 16.2;
						TestTargetID = D58990742DCBEA0800187382;
					};
				};
			};
			buildConfigurationList = D58990702DCBEA0800187382 /* Build configuration list for PBXProject "charAids" */;
			developmentRegion = en;
			hasScannedForEncodings = 0;
			knownRegions = (
				en,
				Base,
			);
			mainGroup = D589906C2DCBEA0800187382;
			minimizedProjectReferenceProxies = 1;
			preferredProjectObjectVersion = 77;
			productRefGroup = D58990762DCBEA0800187382 /* Products */;
			projectDirPath = "";
			projectRoot = "";
			targets = (
				D58990742DCBEA0800187382 /* charAids */,
				D58990852DCBEA0A00187382 /* charAidsTests */,
				D589908F2DCBEA0A00187382 /* charAidsUITests */,
			);
		};
/* End PBXProject section */

/* Begin PBXResourcesBuildPhase section */
		D58990732DCBEA0800187382 /* Resources */ = {
			isa = PBXResourcesBuildPhase;
			buildActionMask = 2147483647;
			files = (
			);
			runOnlyForDeploymentPostprocessing = 0;
		};
		D58990842DCBEA0A00187382 /* Resources */ = {
			isa = PBXResourcesBuildPhase;
			buildActionMask = 2147483647;
			files = (
			);
			runOnlyForDeploymentPostprocessing = 0;
		};
		D589908E2DCBEA0A00187382 /* Resources */ = {
			isa = PBXResourcesBuildPhase;
			buildActionMask = 2147483647;
			files = (
			);
			runOnlyForDeploymentPostprocessing = 0;
		};
/* End PBXResourcesBuildPhase section */

/* Begin PBXSourcesBuildPhase section */
		D58990712DCBEA0800187382 /* Sources */ = {
			isa = PBXSourcesBuildPhase;
			buildActionMask = 2147483647;
			files = (
			);
			runOnlyForDeploymentPostprocessing = 0;
		};
		D58990822DCBEA0A00187382 /* Sources */ = {
			isa = PBXSourcesBuildPhase;
			buildActionMask = 2147483647;
			files = (
			);
			runOnlyForDeploymentPostprocessing = 0;
		};
		D589908C2DCBEA0A00187382 /* Sources */ = {
			isa = PBXSourcesBuildPhase;
			buildActionMask = 2147483647;
			files = (
			);
			runOnlyForDeploymentPostprocessing = 0;
		};
/* End PBXSourcesBuildPhase section */

/* Begin PBXTargetDependency section */
		D58990882DCBEA0A00187382 /* PBXTargetDependency */ = {
			isa = PBXTargetDependency;
			target = D58990742DCBEA0800187382 /* charAids */;
			targetProxy = D58990872DCBEA0A00187382 /* PBXContainerItemProxy */;
		};
		D58990922DCBEA0A00187382 /* PBXTargetDependency */ = {
			isa = PBXTargetDependency;
			target = D58990742DCBEA0800187382 /* charAids */;
			targetProxy = D58990912DCBEA0A00187382 /* PBXContainerItemProxy */;
		};
/* End PBXTargetDependency section */

/* Begin XCBuildConfiguration section */
		D58990982DCBEA0A00187382 /* Debug */ = {
			isa = XCBuildConfiguration;
			buildSettings = {
				ALWAYS_SEARCH_USER_PATHS = NO;
				ASSETCATALOG_COMPILER_GENERATE_SWIFT_ASSET_SYMBOL_EXTENSIONS = YES;
				CLANG_ANALYZER_NONNULL = YES;
				CLANG_ANALYZER_NUMBER_OBJECT_CONVERSION = YES_AGGRESSIVE;
				CLANG_CXX_LANGUAGE_STANDARD = "gnu++20";
				CLANG_ENABLE_MODULES = YES;
				CLANG_ENABLE_OBJC_ARC = YES;
				CLANG_ENABLE_OBJC_WEAK = YES;
				CLANG_WARN_BLOCK_CAPTURE_AUTORELEASING = YES;
				CLANG_WARN_BOOL_CONVERSION = YES;
				CLANG_WARN_COMMA = YES;
				CLANG_WARN_CONSTANT_CONVERSION = YES;
				CLANG_WARN_DEPRECATED_OBJC_IMPLEMENTATIONS = YES;
				CLANG_WARN_DIRECT_OBJC_ISA_USAGE = YES_ERROR;
				CLANG_WARN_DOCUMENTATION_COMMENTS = YES;
				CLANG_WARN_EMPTY_BODY = YES;
				CLANG_WARN_ENUM_CONVERSION = YES;
				CLANG_WARN_INFINITE_RECURSION = YES;
				CLANG_WARN_INT_CONVERSION = YES;
				CLANG_WARN_NON_LITERAL_NULL_CONVERSION = YES;
				CLANG_WARN_OBJC_IMPLICIT_RETAIN_SELF = YES;
				CLANG_WARN_OBJC_LITERAL_CONVERSION = YES;
				CLANG_WARN_OBJC_ROOT_CLASS = YES_ERROR;
				CLANG_WARN_QUOTED_INCLUDE_IN_FRAMEWORK_HEADER = YES;
				CLANG_WARN_RANGE_LOOP_ANALYSIS = YES;
				CLANG_WARN_STRICT_PROTOTYPES = YES;
				CLANG_WARN_SUSPICIOUS_MOVE = YES;
				CLANG_WARN_UNGUARDED_AVAILABILITY = YES_AGGRESSIVE;
				CLANG_WARN_UNREACHABLE_CODE = YES;
				CLANG_WARN__DUPLICATE_METHOD_MATCH = YES;
				COPY_PHASE_STRIP = NO;
				DEBUG_INFORMATION_FORMAT = dwarf;
				ENABLE_STRICT_OBJC_MSGSEND = YES;
				ENABLE_TESTABILITY = YES;
				ENABLE_USER_SCRIPT_SANDBOXING = YES;
				GCC_C_LANGUAGE_STANDARD = gnu17;
				GCC_DYNAMIC_NO_PIC = NO;
				GCC_NO_COMMON_BLOCKS = YES;
				GCC_OPTIMIZATION_LEVEL = 0;
				GCC_PREPROCESSOR_DEFINITIONS = (
					"DEBUG=1",
					"$(inherited)",
				);
				GCC_WARN_64_TO_32_BIT_CONVERSION = YES;
				GCC_WARN_ABOUT_RETURN_TYPE = YES_ERROR;
				GCC_WARN_UNDECLARED_SELECTOR = YES;
				GCC_WARN_UNINITIALIZED_AUTOS = YES_AGGRESSIVE;
				GCC_WARN_UNUSED_FUNCTION = YES;
				GCC_WARN_UNUSED_VARIABLE = YES;
				LOCALIZATION_PREFERS_STRING_CATALOGS = YES;
				MACOSX_DEPLOYMENT_TARGET = 14.5;
				MTL_ENABLE_DEBUG_INFO = INCLUDE_SOURCE;
				MTL_FAST_MATH = YES;
				ONLY_ACTIVE_ARCH = YES;
				SDKROOT = macosx;
				SWIFT_ACTIVE_COMPILATION_CONDITIONS = "DEBUG $(inherited)";
				SWIFT_OPTIMIZATION_LEVEL = "-Onone";
			};
			name = Debug;
		};
		D58990992DCBEA0A00187382 /* Release */ = {
			isa = XCBuildConfiguration;
			buildSettings = {
				ALWAYS_SEARCH_USER_PATHS = NO;
				ASSETCATALOG_COMPILER_GENERATE_SWIFT_ASSET_SYMBOL_EXTENSIONS = YES;
				CLANG_ANALYZER_NONNULL = YES;
				CLANG_ANALYZER_NUMBER_OBJECT_CONVERSION = YES_AGGRESSIVE;
				CLANG_CXX_LANGUAGE_STANDARD = "gnu++20";
				CLANG_ENABLE_MODULES = YES;
				CLANG_ENABLE_OBJC_ARC = YES;
				CLANG_ENABLE_OBJC_WEAK = YES;
				CLANG_WARN_BLOCK_CAPTURE_AUTORELEASING = YES;
				CLANG_WARN_BOOL_CONVERSION = YES;
				CLANG_WARN_COMMA = YES;
				CLANG_WARN_CONSTANT_CONVERSION = YES;
				CLANG_WARN_DEPRECATED_OBJC_IMPLEMENTATIONS = YES;
				CLANG_WARN_DIRECT_OBJC_ISA_USAGE = YES_ERROR;
				CLANG_WARN_DOCUMENTATION_COMMENTS = YES;
				CLANG_WARN_EMPTY_BODY = YES;
				CLANG_WARN_ENUM_CONVERSION = YES;
				CLANG_WARN_INFINITE_RECURSION = YES;
				CLANG_WARN_INT_CONVERSION = YES;
				CLANG_WARN_NON_LITERAL_NULL_CONVERSION = YES;
				CLANG_WARN_OBJC_IMPLICIT_RETAIN_SELF = YES;
				CLANG_WARN_OBJC_LITERAL_CONVERSION = YES;
				CLANG_WARN_OBJC_ROOT_CLASS = YES_ERROR;
				CLANG_WARN_QUOTED_INCLUDE_IN_FRAMEWORK_HEADER = YES;
				CLANG_WARN_RANGE_LOOP_ANALYSIS = YES;
				CLANG_WARN_STRICT_PROTOTYPES = YES;
				CLANG_WARN_SUSPICIOUS_MOVE = YES;
				CLANG_WARN_UNGUARDED_AVAILABILITY = YES_AGGRESSIVE;
				CLANG_WARN_UNREACHABLE_CODE = YES;
				CLANG_WARN__DUPLICATE_METHOD_MATCH = YES;
				COPY_PHASE_STRIP = NO;
				DEBUG_INFORMATION_FORMAT = "dwarf-with-dsym";
				ENABLE_NS_ASSERTIONS = NO;
				ENABLE_STRICT_OBJC_MSGSEND = YES;
				ENABLE_USER_SCRIPT_SANDBOXING = YES;
				GCC_C_LANGUAGE_STANDARD = gnu17;
				GCC_NO_COMMON_BLOCKS = YES;
				GCC_WARN_64_TO_32_BIT_CONVERSION = YES;
				GCC_WARN_ABOUT_RETURN_TYPE = YES_ERROR;
				GCC_WARN_UNDECLARED_SELECTOR = YES;
				GCC_WARN_UNINITIALIZED_AUTOS = YES_AGGRESSIVE;
				GCC_WARN_UNUSED_FUNCTION = YES;
				GCC_WARN_UNUSED_VARIABLE = YES;
				LOCALIZATION_PREFERS_STRING_CATALOGS = YES;
				MACOSX_DEPLOYMENT_TARGET = 14.5;
				MTL_ENABLE_DEBUG_INFO = NO;
				MTL_FAST_MATH = YES;
				SDKROOT = macosx;
				SWIFT_COMPILATION_MODE = wholemodule;
			};
			name = Release;
		};
		D589909B2DCBEA0A00187382 /* Debug */ = {
			isa = XCBuildConfiguration;
			buildSettings = {
				ASSETCATALOG_COMPILER_APPICON_NAME = AppIcon;
				ASSETCATALOG_COMPILER_GLOBAL_ACCENT_COLOR_NAME = AccentColor;
				CODE_SIGN_ENTITLEMENTS = charAids/charAids.entitlements;
				CODE_SIGN_STYLE = Automatic;
				COMBINE_HIDPI_IMAGES = YES;
				CURRENT_PROJECT_VERSION = 1;
				DEVELOPMENT_ASSET_PATHS = "\"charAids/Preview Content\"";
				ENABLE_PREVIEWS = YES;
				GENERATE_INFOPLIST_FILE = YES;
				INFOPLIST_KEY_NSHumanReadableCopyright = "";
				LD_RUNPATH_SEARCH_PATHS = (
					"$(inherited)",
					"@executable_path/../Frameworks",
				);
				MARKETING_VERSION = 1.0;
				PRODUCT_BUNDLE_IDENTIFIER = com.owenbattles.charAids;
				PRODUCT_NAME = "$(TARGET_NAME)";
				SWIFT_EMIT_LOC_STRINGS = YES;
				SWIFT_VERSION = 5.0;
			};
			name = Debug;
		};
		D589909C2DCBEA0A00187382 /* Release */ = {
			isa = XCBuildConfiguration;
			buildSettings = {
				ASSETCATALOG_COMPILER_APPICON_NAME = AppIcon;
				ASSETCATALOG_COMPILER_GLOBAL_ACCENT_COLOR_NAME = AccentColor;
				CODE_SIGN_ENTITLEMENTS = charAids/charAids.entitlements;
				CODE_SIGN_STYLE = Automatic;
				COMBINE_HIDPI_IMAGES = YES;
				CURRENT_PROJECT_VERSION = 1;
				DEVELOPMENT_ASSET_PATHS = "\"charAids/Preview Content\"";
				ENABLE_PREVIEWS = YES;
				GENERATE_INFOPLIST_FILE = YES;
				INFOPLIST_KEY_NSHumanReadableCopyright = "";
				LD_RUNPATH_SEARCH_PATHS = (
					"$(inherited)",
					"@executable_path/../Frameworks",
				);
				MARKETING_VERSION = 1.0;
				PRODUCT_BUNDLE_IDENTIFIER = com.owenbattles.charAids;
				PRODUCT_NAME = "$(TARGET_NAME)";
				SWIFT_EMIT_LOC_STRINGS = YES;
				SWIFT_VERSION = 5.0;
			};
			name = Release;
		};
		D589909E2DCBEA0A00187382 /* Debug */ = {
			isa = XCBuildConfiguration;
			buildSettings = {
				BUNDLE_LOADER = "$(TEST_HOST)";
				CODE_SIGN_STYLE = Automatic;
				CURRENT_PROJECT_VERSION = 1;
				GENERATE_INFOPLIST_FILE = YES;
				MACOSX_DEPLOYMENT_TARGET = 14.5;
				MARKETING_VERSION = 1.0;
				PRODUCT_BUNDLE_IDENTIFIER = com.owenbattles.charAidsTests;
				PRODUCT_NAME = "$(TARGET_NAME)";
				SWIFT_EMIT_LOC_STRINGS = NO;
				SWIFT_VERSION = 5.0;
				TEST_HOST = "$(BUILT_PRODUCTS_DIR)/charAids.app/$(BUNDLE_EXECUTABLE_FOLDER_PATH)/charAids";
			};
			name = Debug;
		};
		D589909F2DCBEA0A00187382 /* Release */ = {
			isa = XCBuildConfiguration;
			buildSettings = {
				BUNDLE_LOADER = "$(TEST_HOST)";
				CODE_SIGN_STYLE = Automatic;
				CURRENT_PROJECT_VERSION = 1;
				GENERATE_INFOPLIST_FILE = YES;
				MACOSX_DEPLOYMENT_TARGET = 14.5;
				MARKETING_VERSION = 1.0;
				PRODUCT_BUNDLE_IDENTIFIER = com.owenbattles.charAidsTests;
				PRODUCT_NAME = "$(TARGET_NAME)";
				SWIFT_EMIT_LOC_STRINGS = NO;
				SWIFT_VERSION = 5.0;
				TEST_HOST = "$(BUILT_PRODUCTS_DIR)/charAids.app/$(BUNDLE_EXECUTABLE_FOLDER_PATH)/charAids";
			};
			name = Release;
		};
		D58990A12DCBEA0A00187382 /* Debug */ = {
			isa = XCBuildConfiguration;
			buildSettings = {
				CODE_SIGN_STYLE = Automatic;
				CURRENT_PROJECT_VERSION = 1;
				GENERATE_INFOPLIST_FILE = YES;
				MARKETING_VERSION = 1.0;
				PRODUCT_BUNDLE_IDENTIFIER = com.owenbattles.charAidsUITests;
				PRODUCT_NAME = "$(TARGET_NAME)";
				SWIFT_EMIT_LOC_STRINGS = NO;
				SWIFT_VERSION = 5.0;
				TEST_TARGET_NAME = charAids;
			};
			name = Debug;
		};
		D58990A22DCBEA0A00187382 /* Release */ = {
			isa = XCBuildConfiguration;
			buildSettings = {
				CODE_SIGN_STYLE = Automatic;
				CURRENT_PROJECT_VERSION = 1;
				GENERATE_INFOPLIST_FILE = YES;
				MARKETING_VERSION = 1.0;
				PRODUCT_BUNDLE_IDENTIFIER = com.owenbattles.charAidsUITests;
				PRODUCT_NAME = "$(TARGET_NAME)";
				SWIFT_EMIT_LOC_STRINGS = NO;
				SWIFT_VERSION = 5.0;
				TEST_TARGET_NAME = charAids;
			};
			name = Release;
		};
/* End XCBuildConfiguration section */

/* Begin XCConfigurationList section */
		D58990702DCBEA0800187382 /* Build configuration list for PBXProject "charAids" */ = {
			isa = XCConfigurationList;
			buildConfigurations = (
				D58990982DCBEA0A00187382 /* Debug */,
				D58990992DCBEA0A00187382 /* Release */,
			);
			defaultConfigurationIsVisible = 0;
			defaultConfigurationName = Release;
		};
		D589909A2DCBEA0A00187382 /* Build configuration list for PBXNativeTarget "charAids" */ = {
			isa = XCConfigurationList;
			buildConfigurations = (
				D589909B2DCBEA0A00187382 /* Debug */,
				D589909C2DCBEA0A00187382 /* Release */,
			);
			defaultConfigurationIsVisible = 0;
			defaultConfigurationName = Release;
		};
		D589909D2DCBEA0A00187382 /* Build configuration list for PBXNativeTarget "charAidsTests" */ = {
			isa = XCConfigurationList;
			buildConfigurations = (
				D589909E2DCBEA0A00187382 /* Debug */,
				D589909F2DCBEA0A00187382 /* Release */,
			);
			defaultConfigurationIsVisible = 0;
			defaultConfigurationName = Release;
		};
		D58990A02DCBEA0A00187382 /* Build configuration list for PBXNativeTarget "charAidsUITests" */ = {
			isa = XCConfigurationList;
			buildConfigurations = (
				D58990A12DCBEA0A00187382 /* Debug */,
				D58990A22DCBEA0A00187382 /* Release */,
			);
			defaultConfigurationIsVisible = 0;
			defaultConfigurationName = Release;
		};
/* End XCConfigurationList section */
	};
	rootObject = D589906D2DCBEA0800187382 /* Project object */;
}
